{
    "name": "@fablevision/interaction",
    "version": "1.1.15",
    "lockfileVersion": 2,
    "requires": true,
    "packages": {
        "": {
            "name": "@fablevision/interaction",
            "version": "1.1.15",
            "license": "MIT",
            "dependencies": {
                "@fablevision/utils": "^1.0.0",
                "@pixi/runner": "^6.3.0",
                "@types/keyboardjs": "^2.5.0",
                "keyboardjs": "^2.6.1"
            },
            "devDependencies": {
                "@pixi/constants": "^6.3.0",
                "@pixi/core": "^6.0.0",
                "@pixi/display": "^6.0.0",
                "@pixi/math": "^6.0.0",
                "@pixi/settings": "^6.3.0",
                "@pixi/utils": "^6.3.0",
                "typescript": "^4.5.0"
            },
            "peerDependencies": {
                "@pixi/core": "^6.0.0",
                "@pixi/display": "^6.0.0",
                "@pixi/math": "^6.0.0",
                "phaser": "^3.55.2"
            }
        },
        "node_modules/@fablevision/utils": {
            "version": "1.0.1",
            "resolved": "https://registry.npmjs.org/@fablevision/utils/-/utils-1.0.1.tgz",
            "integrity": "sha512-pZ7AiNFwC0Xxwfz4i5zuhxvM9SZ31cFLOamt+pJQ0Ta1ubVfbs4c0tMAl6xGN6qEMi2cU2vLIJ/Z2k9szXS6gQ=="
        },
        "node_modules/@pixi/constants": {
            "version": "6.4.2",
            "resolved": "https://registry.npmjs.org/@pixi/constants/-/constants-6.4.2.tgz",
            "integrity": "sha512-qj+eviYmJqeGkMbIKSkp1FVMLglQPVyzzyo/2/0VYmSuY4m4WItC4w3wtyjDd4vBK9YxZIUBZz+LKJvKkRplLQ==",
            "dev": true
        },
        "node_modules/@pixi/core": {
            "version": "6.4.2",
            "resolved": "https://registry.npmjs.org/@pixi/core/-/core-6.4.2.tgz",
            "integrity": "sha512-W5RWg0537uz2ni0BW9pA0gRmYGBE628e5XR4iDXO5VLSIZmc4jcaBLsPC7o1amcg1xo5Ty44yMpVpodv+GGRCw==",
            "dev": true,
            "dependencies": {
                "@types/offscreencanvas": "^2019.6.4"
            },
            "funding": {
                "type": "opencollective",
                "url": "https://opencollective.com/pixijs"
            },
            "peerDependencies": {
                "@pixi/constants": "6.4.2",
                "@pixi/math": "6.4.2",
                "@pixi/runner": "6.4.2",
                "@pixi/settings": "6.4.2",
                "@pixi/ticker": "6.4.2",
                "@pixi/utils": "6.4.2"
            }
        },
        "node_modules/@pixi/display": {
            "version": "6.4.2",
            "resolved": "https://registry.npmjs.org/@pixi/display/-/display-6.4.2.tgz",
            "integrity": "sha512-mE35oRa4Ex5NOVXsuk7JldmmjBfO0gtOO7FPU3VpheOB13HLoacJ4XAa1HfAGapFiFZe+K19gOXEiOj1RyJfGA==",
            "dev": true,
            "peerDependencies": {
                "@pixi/math": "6.4.2",
                "@pixi/settings": "6.4.2",
                "@pixi/utils": "6.4.2"
            }
        },
        "node_modules/@pixi/math": {
            "version": "6.4.2",
            "resolved": "https://registry.npmjs.org/@pixi/math/-/math-6.4.2.tgz",
            "integrity": "sha512-/byuwLhzln7Gahl3pT/Ckfwe4nvAQ3tAYu+38B+b18HkQWi3Ykci/QwVq/nICb5sa5tJzW3icno2qcv7zBd2xQ==",
            "dev": true
        },
        "node_modules/@pixi/runner": {
            "version": "6.4.2",
            "resolved": "https://registry.npmjs.org/@pixi/runner/-/runner-6.4.2.tgz",
            "integrity": "sha512-mH1//C931Rd+RB/c66t8VMNmLUGBCnefRftgijV5mBFXNgyP8Dnbig1790Qw4IDKPgiiR1mRmGDGAJAr0Xa/3A=="
        },
        "node_modules/@pixi/settings": {
            "version": "6.4.2",
            "resolved": "https://registry.npmjs.org/@pixi/settings/-/settings-6.4.2.tgz",
            "integrity": "sha512-wA2PEVoHYaRiQ0/zvq8nqJZkzDT3qLRl8S7yVfL1yhsbCsh6KI0hjCwqy8b8xCAVAMwkInzWx64lvQbfActnAg==",
            "dev": true,
            "dependencies": {
                "ismobilejs": "^1.1.0"
            }
        },
        "node_modules/@pixi/ticker": {
            "version": "6.4.2",
            "resolved": "https://registry.npmjs.org/@pixi/ticker/-/ticker-6.4.2.tgz",
            "integrity": "sha512-OM2U0qLiU2Z+qami7DRNkBJnx20ElQO/5mJNsoHQRH6k/po0nXlux8jcCXhh5DE9lds4RdUFAwTL4RmLT1clDw==",
            "dev": true,
            "peer": true,
            "peerDependencies": {
                "@pixi/settings": "6.4.2"
            }
        },
        "node_modules/@pixi/utils": {
            "version": "6.4.2",
            "resolved": "https://registry.npmjs.org/@pixi/utils/-/utils-6.4.2.tgz",
            "integrity": "sha512-FORUzSikNUNceS6sf2NlRcGukmJrnWCQToA6Nqk+tQ7Lvb42vDTVI66ya44O6HYM2J0nL684YeYesWbAZ+UeKg==",
            "dev": true,
            "dependencies": {
                "@types/earcut": "^2.1.0",
                "earcut": "^2.2.2",
                "eventemitter3": "^3.1.0",
                "url": "^0.11.0"
            },
            "peerDependencies": {
                "@pixi/constants": "6.4.2",
                "@pixi/settings": "6.4.2"
            }
        },
        "node_modules/@types/earcut": {
            "version": "2.1.1",
            "resolved": "https://registry.npmjs.org/@types/earcut/-/earcut-2.1.1.tgz",
            "integrity": "sha512-w8oigUCDjElRHRRrMvn/spybSMyX8MTkKA5Dv+tS1IE/TgmNZPqUYtvYBXGY8cieSE66gm+szeK+bnbxC2xHTQ==",
            "dev": true
        },
        "node_modules/@types/keyboardjs": {
            "version": "2.5.0",
            "resolved": "https://registry.npmjs.org/@types/keyboardjs/-/keyboardjs-2.5.0.tgz",
            "integrity": "sha512-tGU6Lz04lDNH+N3AZYIWVeBza2ZSaLlZuSkzi38zSFSuh6DgVqBdqgkX+OS+jg1vwlw5XzS5MASY44fr9C12Yg=="
        },
        "node_modules/@types/offscreencanvas": {
            "version": "2019.7.0",
            "resolved": "https://registry.npmjs.org/@types/offscreencanvas/-/offscreencanvas-2019.7.0.tgz",
            "integrity": "sha512-PGcyveRIpL1XIqK8eBsmRBt76eFgtzuPiSTyKHZxnGemp2yzGzWpjYKAfK3wIMiU7eH+851yEpiuP8JZerTmWg==",
            "dev": true
        },
        "node_modules/earcut": {
            "version": "2.2.3",
            "resolved": "https://registry.npmjs.org/earcut/-/earcut-2.2.3.tgz",
            "integrity": "sha512-iRDI1QeCQIhMCZk48DRDMVgQSSBDmbzzNhnxIo+pwx3swkfjMh6vh0nWLq1NdvGHLKH6wIrAM3vQWeTj6qeoug==",
            "dev": true
        },
        "node_modules/eventemitter3": {
            "version": "3.1.2",
            "resolved": "https://registry.npmjs.org/eventemitter3/-/eventemitter3-3.1.2.tgz",
            "integrity": "sha512-tvtQIeLVHjDkJYnzf2dgVMxfuSGJeM/7UCG17TT4EumTfNtF+0nebF/4zWOIkCreAbtNqhGEboB6BWrwqNaw4Q==",
            "dev": true
        },
        "node_modules/inherits": {
            "version": "2.0.3",
            "resolved": "https://registry.npmjs.org/inherits/-/inherits-2.0.3.tgz",
            "integrity": "sha512-x00IRNXNy63jwGkJmzPigoySHbaqpNuzKbBOmzK+g2OdZpQ9w+sxCN+VSB3ja7IAge2OP2qpfxTjeNcyjmW1uw==",
            "peer": true
        },
        "node_modules/ismobilejs": {
            "version": "1.1.1",
            "resolved": "https://registry.npmjs.org/ismobilejs/-/ismobilejs-1.1.1.tgz",
            "integrity": "sha512-VaFW53yt8QO61k2WJui0dHf4SlL8lxBofUuUmwBo0ljPk0Drz2TiuDW4jo3wDcv41qy/SxrJ+VAzJ/qYqsmzRw==",
            "dev": true
        },
        "node_modules/keyboardjs": {
            "version": "2.6.4",
            "resolved": "https://registry.npmjs.org/keyboardjs/-/keyboardjs-2.6.4.tgz",
            "integrity": "sha512-xDiNwiwH3KUqap++RFJiLAXzbvRB5Yw08xliuceOgLhM1o7g1puKKR9vWy6wp9H/Bi4VP0+SQMpiWXMWWmR6rA=="
        },
        "node_modules/path": {
            "version": "0.12.7",
            "resolved": "https://registry.npmjs.org/path/-/path-0.12.7.tgz",
            "integrity": "sha512-aXXC6s+1w7otVF9UletFkFcDsJeO7lSZBPUQhtb5O0xJe8LtYhj/GxldoL09bBj9+ZmE2hNoHqQSFMN5fikh4Q==",
            "peer": true,
            "dependencies": {
                "process": "^0.11.1",
                "util": "^0.10.3"
            }
        },
        "node_modules/phaser": {
            "version": "3.55.2",
            "resolved": "https://registry.npmjs.org/phaser/-/phaser-3.55.2.tgz",
            "integrity": "sha512-amKXsbb2Ht29dGPKvt1edq3yGGYKtq8373GpJYGKPNPnneYY6MtVTOgjHDuZwtmUyK4v86FugkT3hzW/N4tjxQ==",
            "peer": true,
            "dependencies": {
                "eventemitter3": "^4.0.7",
                "path": "^0.12.7"
            }
        },
        "node_modules/phaser/node_modules/eventemitter3": {
            "version": "4.0.7",
            "resolved": "https://registry.npmjs.org/eventemitter3/-/eventemitter3-4.0.7.tgz",
            "integrity": "sha512-8guHBZCwKnFhYdHr2ysuRWErTwhoN2X8XELRlrRwpmfeY2jjuUN4taQMsULKUVo1K4DvZl+0pgfyoysHxvmvEw==",
            "peer": true
        },
        "node_modules/process": {
            "version": "0.11.10",
            "resolved": "https://registry.npmjs.org/process/-/process-0.11.10.tgz",
            "integrity": "sha512-cdGef/drWFoydD1JsMzuFf8100nZl+GT+yacc2bEced5f9Rjk4z+WtFUTBu9PhOi9j/jfmBPu0mMEY4wIdAF8A==",
            "peer": true,
            "engines": {
                "node": ">= 0.6.0"
            }
        },
        "node_modules/punycode": {
            "version": "1.3.2",
            "resolved": "https://registry.npmjs.org/punycode/-/punycode-1.3.2.tgz",
            "integrity": "sha512-RofWgt/7fL5wP1Y7fxE7/EmTLzQVnB0ycyibJ0OOHIlJqTNzglYFxVwETOcIoJqJmpDXJ9xImDv+Fq34F/d4Dw==",
            "dev": true
        },
        "node_modules/querystring": {
            "version": "0.2.0",
            "resolved": "https://registry.npmjs.org/querystring/-/querystring-0.2.0.tgz",
            "integrity": "sha512-X/xY82scca2tau62i9mDyU9K+I+djTMUsvwf7xnUX5GLvVzgJybOJf4Y6o9Zx3oJK/LSXg5tTZBjwzqVPaPO2g==",
            "deprecated": "The querystring API is considered Legacy. new code should use the URLSearchParams API instead.",
            "dev": true,
            "engines": {
                "node": ">=0.4.x"
            }
        },
        "node_modules/typescript": {
            "version": "4.7.4",
            "resolved": "https://registry.npmjs.org/typescript/-/typescript-4.7.4.tgz",
            "integrity": "sha512-C0WQT0gezHuw6AdY1M2jxUO83Rjf0HP7Sk1DtXj6j1EwkQNZrHAg2XPWlq62oqEhYvONq5pkC2Y9oPljWToLmQ==",
            "dev": true,
            "bin": {
                "tsc": "bin/tsc",
                "tsserver": "bin/tsserver"
            },
            "engines": {
                "node": ">=4.2.0"
            }
        },
        "node_modules/url": {
            "version": "0.11.0",
            "resolved": "https://registry.npmjs.org/url/-/url-0.11.0.tgz",
            "integrity": "sha512-kbailJa29QrtXnxgq+DdCEGlbTeYM2eJUxsz6vjZavrCYPMIFHMKQmSKYAIuUK2i7hgPm28a8piX5NTUtM/LKQ==",
            "dev": true,
            "dependencies": {
                "punycode": "1.3.2",
                "querystring": "0.2.0"
            }
        },
        "node_modules/util": {
            "version": "0.10.4",
            "resolved": "https://registry.npmjs.org/util/-/util-0.10.4.tgz",
            "integrity": "sha512-0Pm9hTQ3se5ll1XihRic3FDIku70C+iHUdT/W926rSgHV5QgXsYbKZN8MSC3tJtSkhuROzvsQjAaFENRXr+19A==",
            "peer": true,
            "dependencies": {
                "inherits": "2.0.3"
            }
        }
    },
    "dependencies": {
        "@fablevision/utils": {
            "version": "1.0.1",
            "resolved": "https://registry.npmjs.org/@fablevision/utils/-/utils-1.0.1.tgz",
            "integrity": "sha512-pZ7AiNFwC0Xxwfz4i5zuhxvM9SZ31cFLOamt+pJQ0Ta1ubVfbs4c0tMAl6xGN6qEMi2cU2vLIJ/Z2k9szXS6gQ=="
        },
        "@pixi/constants": {
            "version": "6.4.2",
            "resolved": "https://registry.npmjs.org/@pixi/constants/-/constants-6.4.2.tgz",
            "integrity": "sha512-qj+eviYmJqeGkMbIKSkp1FVMLglQPVyzzyo/2/0VYmSuY4m4WItC4w3wtyjDd4vBK9YxZIUBZz+LKJvKkRplLQ==",
            "dev": true
        },
        "@pixi/core": {
            "version": "6.4.2",
            "resolved": "https://registry.npmjs.org/@pixi/core/-/core-6.4.2.tgz",
            "integrity": "sha512-W5RWg0537uz2ni0BW9pA0gRmYGBE628e5XR4iDXO5VLSIZmc4jcaBLsPC7o1amcg1xo5Ty44yMpVpodv+GGRCw==",
            "dev": true,
            "requires": {
                "@types/offscreencanvas": "^2019.6.4"
            }
        },
        "@pixi/display": {
            "version": "6.4.2",
            "resolved": "https://registry.npmjs.org/@pixi/display/-/display-6.4.2.tgz",
            "integrity": "sha512-mE35oRa4Ex5NOVXsuk7JldmmjBfO0gtOO7FPU3VpheOB13HLoacJ4XAa1HfAGapFiFZe+K19gOXEiOj1RyJfGA==",
            "dev": true,
            "requires": {}
        },
        "@pixi/math": {
            "version": "6.4.2",
            "resolved": "https://registry.npmjs.org/@pixi/math/-/math-6.4.2.tgz",
            "integrity": "sha512-/byuwLhzln7Gahl3pT/Ckfwe4nvAQ3tAYu+38B+b18HkQWi3Ykci/QwVq/nICb5sa5tJzW3icno2qcv7zBd2xQ==",
            "dev": true
        },
        "@pixi/runner": {
            "version": "6.4.2",
            "resolved": "https://registry.npmjs.org/@pixi/runner/-/runner-6.4.2.tgz",
            "integrity": "sha512-mH1//C931Rd+RB/c66t8VMNmLUGBCnefRftgijV5mBFXNgyP8Dnbig1790Qw4IDKPgiiR1mRmGDGAJAr0Xa/3A=="
        },
        "@pixi/settings": {
            "version": "6.4.2",
            "resolved": "https://registry.npmjs.org/@pixi/settings/-/settings-6.4.2.tgz",
            "integrity": "sha512-wA2PEVoHYaRiQ0/zvq8nqJZkzDT3qLRl8S7yVfL1yhsbCsh6KI0hjCwqy8b8xCAVAMwkInzWx64lvQbfActnAg==",
            "dev": true,
            "requires": {
                "ismobilejs": "^1.1.0"
            }
        },
        "@pixi/ticker": {
            "version": "6.4.2",
            "resolved": "https://registry.npmjs.org/@pixi/ticker/-/ticker-6.4.2.tgz",
            "integrity": "sha512-OM2U0qLiU2Z+qami7DRNkBJnx20ElQO/5mJNsoHQRH6k/po0nXlux8jcCXhh5DE9lds4RdUFAwTL4RmLT1clDw==",
            "dev": true,
            "peer": true,
            "requires": {}
        },
        "@pixi/utils": {
            "version": "6.4.2",
            "resolved": "https://registry.npmjs.org/@pixi/utils/-/utils-6.4.2.tgz",
            "integrity": "sha512-FORUzSikNUNceS6sf2NlRcGukmJrnWCQToA6Nqk+tQ7Lvb42vDTVI66ya44O6HYM2J0nL684YeYesWbAZ+UeKg==",
            "dev": true,
            "requires": {
                "@types/earcut": "^2.1.0",
                "earcut": "^2.2.2",
                "eventemitter3": "^3.1.0",
                "url": "^0.11.0"
            }
        },
        "@types/earcut": {
            "version": "2.1.1",
            "resolved": "https://registry.npmjs.org/@types/earcut/-/earcut-2.1.1.tgz",
            "integrity": "sha512-w8oigUCDjElRHRRrMvn/spybSMyX8MTkKA5Dv+tS1IE/TgmNZPqUYtvYBXGY8cieSE66gm+szeK+bnbxC2xHTQ==",
            "dev": true
        },
        "@types/keyboardjs": {
            "version": "2.5.0",
            "resolved": "https://registry.npmjs.org/@types/keyboardjs/-/keyboardjs-2.5.0.tgz",
            "integrity": "sha512-tGU6Lz04lDNH+N3AZYIWVeBza2ZSaLlZuSkzi38zSFSuh6DgVqBdqgkX+OS+jg1vwlw5XzS5MASY44fr9C12Yg=="
        },
        "@types/offscreencanvas": {
            "version": "2019.7.0",
            "resolved": "https://registry.npmjs.org/@types/offscreencanvas/-/offscreencanvas-2019.7.0.tgz",
            "integrity": "sha512-PGcyveRIpL1XIqK8eBsmRBt76eFgtzuPiSTyKHZxnGemp2yzGzWpjYKAfK3wIMiU7eH+851yEpiuP8JZerTmWg==",
            "dev": true
        },
        "earcut": {
            "version": "2.2.3",
            "resolved": "https://registry.npmjs.org/earcut/-/earcut-2.2.3.tgz",
            "integrity": "sha512-iRDI1QeCQIhMCZk48DRDMVgQSSBDmbzzNhnxIo+pwx3swkfjMh6vh0nWLq1NdvGHLKH6wIrAM3vQWeTj6qeoug==",
            "dev": true
        },
        "eventemitter3": {
            "version": "3.1.2",
            "resolved": "https://registry.npmjs.org/eventemitter3/-/eventemitter3-3.1.2.tgz",
            "integrity": "sha512-tvtQIeLVHjDkJYnzf2dgVMxfuSGJeM/7UCG17TT4EumTfNtF+0nebF/4zWOIkCreAbtNqhGEboB6BWrwqNaw4Q==",
            "dev": true
        },
        "inherits": {
            "version": "2.0.3",
            "resolved": "https://registry.npmjs.org/inherits/-/inherits-2.0.3.tgz",
            "integrity": "sha512-x00IRNXNy63jwGkJmzPigoySHbaqpNuzKbBOmzK+g2OdZpQ9w+sxCN+VSB3ja7IAge2OP2qpfxTjeNcyjmW1uw==",
            "peer": true
        },
        "ismobilejs": {
            "version": "1.1.1",
            "resolved": "https://registry.npmjs.org/ismobilejs/-/ismobilejs-1.1.1.tgz",
            "integrity": "sha512-VaFW53yt8QO61k2WJui0dHf4SlL8lxBofUuUmwBo0ljPk0Drz2TiuDW4jo3wDcv41qy/SxrJ+VAzJ/qYqsmzRw==",
            "dev": true
        },
        "keyboardjs": {
            "version": "2.6.4",
            "resolved": "https://registry.npmjs.org/keyboardjs/-/keyboardjs-2.6.4.tgz",
            "integrity": "sha512-xDiNwiwH3KUqap++RFJiLAXzbvRB5Yw08xliuceOgLhM1o7g1puKKR9vWy6wp9H/Bi4VP0+SQMpiWXMWWmR6rA=="
        },
        "path": {
            "version": "0.12.7",
            "resolved": "https://registry.npmjs.org/path/-/path-0.12.7.tgz",
            "integrity": "sha512-aXXC6s+1w7otVF9UletFkFcDsJeO7lSZBPUQhtb5O0xJe8LtYhj/GxldoL09bBj9+ZmE2hNoHqQSFMN5fikh4Q==",
            "peer": true,
            "requires": {
                "process": "^0.11.1",
                "util": "^0.10.3"
            }
        },
        "phaser": {
            "version": "3.55.2",
            "resolved": "https://registry.npmjs.org/phaser/-/phaser-3.55.2.tgz",
            "integrity": "sha512-amKXsbb2Ht29dGPKvt1edq3yGGYKtq8373GpJYGKPNPnneYY6MtVTOgjHDuZwtmUyK4v86FugkT3hzW/N4tjxQ==",
            "peer": true,
            "requires": {
                "eventemitter3": "^4.0.7",
                "path": "^0.12.7"
            },
            "dependencies": {
                "eventemitter3": {
                    "version": "4.0.7",
                    "resolved": "https://registry.npmjs.org/eventemitter3/-/eventemitter3-4.0.7.tgz",
                    "integrity": "sha512-8guHBZCwKnFhYdHr2ysuRWErTwhoN2X8XELRlrRwpmfeY2jjuUN4taQMsULKUVo1K4DvZl+0pgfyoysHxvmvEw==",
                    "peer": true
                }
            }
        },
        "process": {
            "version": "0.11.10",
            "resolved": "https://registry.npmjs.org/process/-/process-0.11.10.tgz",
            "integrity": "sha512-cdGef/drWFoydD1JsMzuFf8100nZl+GT+yacc2bEced5f9Rjk4z+WtFUTBu9PhOi9j/jfmBPu0mMEY4wIdAF8A==",
            "peer": true
        },
        "punycode": {
            "version": "1.3.2",
            "resolved": "https://registry.npmjs.org/punycode/-/punycode-1.3.2.tgz",
            "integrity": "sha512-RofWgt/7fL5wP1Y7fxE7/EmTLzQVnB0ycyibJ0OOHIlJqTNzglYFxVwETOcIoJqJmpDXJ9xImDv+Fq34F/d4Dw==",
            "dev": true
        },
        "querystring": {
            "version": "0.2.0",
            "resolved": "https://registry.npmjs.org/querystring/-/querystring-0.2.0.tgz",
            "integrity": "sha512-X/xY82scca2tau62i9mDyU9K+I+djTMUsvwf7xnUX5GLvVzgJybOJf4Y6o9Zx3oJK/LSXg5tTZBjwzqVPaPO2g==",
            "dev": true
        },
        "typescript": {
            "version": "4.7.4",
            "resolved": "https://registry.npmjs.org/typescript/-/typescript-4.7.4.tgz",
            "integrity": "sha512-C0WQT0gezHuw6AdY1M2jxUO83Rjf0HP7Sk1DtXj6j1EwkQNZrHAg2XPWlq62oqEhYvONq5pkC2Y9oPljWToLmQ==",
            "dev": true
        },
        "url": {
            "version": "0.11.0",
            "resolved": "https://registry.npmjs.org/url/-/url-0.11.0.tgz",
            "integrity": "sha512-kbailJa29QrtXnxgq+DdCEGlbTeYM2eJUxsz6vjZavrCYPMIFHMKQmSKYAIuUK2i7hgPm28a8piX5NTUtM/LKQ==",
            "dev": true,
            "requires": {
                "punycode": "1.3.2",
                "querystring": "0.2.0"
            }
        },
        "util": {
            "version": "0.10.4",
            "resolved": "https://registry.npmjs.org/util/-/util-0.10.4.tgz",
            "integrity": "sha512-0Pm9hTQ3se5ll1XihRic3FDIku70C+iHUdT/W926rSgHV5QgXsYbKZN8MSC3tJtSkhuROzvsQjAaFENRXr+19A==",
            "peer": true,
            "requires": {
                "inherits": "2.0.3"
            }
        }
    }
}
