{
    "name": "@fablevision/interaction",
    "version": "1.1.21",
    "lockfileVersion": 1,
    "requires": true,
    "dependencies": {
        "@fablevision/utils": {
            "version": "1.1.0",
            "resolved": "https://registry.npmjs.org/@fablevision/utils/-/utils-1.1.0.tgz",
            "integrity": "sha512-a+Mz0M7Ktf3EP/Lk338N98q0nu/b53JjeX1+OLzp7sYCrixd6Rh9zvYJItdKMZNtbwSSYiUOduL+edAHp33hCw=="
        },
        "@pixi/constants": {
            "version": "6.3.2",
            "resolved": "https://registry.npmjs.org/@pixi/constants/-/constants-6.3.2.tgz",
            "integrity": "sha512-sUE8QEJNl4vWUybS0YqpVUBWoOyLkr5bSj1+3mpmbWJTMVmLB2voFXo7XpSNCBlLH1SBN5flcgJlUWOCgNyATg==",
            "dev": true
        },
        "@pixi/core": {
            "version": "6.3.2",
            "resolved": "https://registry.npmjs.org/@pixi/core/-/core-6.3.2.tgz",
            "integrity": "sha512-91Fw0CbFpPtMKo5TG1wdaZGgR99lX87l15F7kgge7FM7ZR4EghLiJHU8whQ19f/UNOd8AG7mHD84lUB1VXXfoA==",
            "dev": true,
            "requires": {
                "@types/offscreencanvas": "^2019.6.4"
            }
        },
        "@pixi/display": {
            "version": "6.3.2",
            "resolved": "https://registry.npmjs.org/@pixi/display/-/display-6.3.2.tgz",
            "integrity": "sha512-D+WiM0BcyPK91RYxl7TXXVNz/5lOGs8Q6jtCMcWgTHwCXxWPOHFnNZ4KPJZpUQ7me8Tl2u+c9hfB5Oh1+17r/Q==",
            "dev": true
        },
        "@pixi/math": {
            "version": "6.3.2",
            "resolved": "https://registry.npmjs.org/@pixi/math/-/math-6.3.2.tgz",
            "integrity": "sha512-REXrCKQaT2shJ3p2Rpq1ZYV4iUeAOUFKnLN2KteQWtB5HQpB8b+w5xBGI+TcnY0FUhx92fbKPYTTvCftNZF4Jw==",
            "dev": true
        },
        "@pixi/runner": {
            "version": "6.3.2",
            "resolved": "https://registry.npmjs.org/@pixi/runner/-/runner-6.3.2.tgz",
            "integrity": "sha512-Sspv4VTiV51GwoIg+WudHZHpT3ad5ukW20OLOR+eDOSLbgQEMfj4cTVRg27TvM/QZ/5LxeN3FqwWV+kiWpqCnw=="
        },
        "@pixi/settings": {
            "version": "6.3.2",
            "resolved": "https://registry.npmjs.org/@pixi/settings/-/settings-6.3.2.tgz",
            "integrity": "sha512-i5cLDUWFnRub3LPa3x7IzkH8MjSwPHyHWzIZKG5t8RiCfbhVfhWGEdKO9AYp8yO/xcf7AqtPK4mikXziL48tXA==",
            "dev": true,
            "requires": {
                "ismobilejs": "^1.1.0"
            }
        },
        "@pixi/utils": {
            "version": "6.3.2",
            "resolved": "https://registry.npmjs.org/@pixi/utils/-/utils-6.3.2.tgz",
            "integrity": "sha512-VpB403kfqwXK9w7Qb6ex0aW0g6pWI/t43F2Z8CA/lAfYcN3O0XoxDucvmkLTQWsMtYn+Yf7YhAcLV5SemKwP0A==",
            "dev": true,
            "requires": {
                "@types/earcut": "^2.1.0",
                "earcut": "^2.2.2",
                "eventemitter3": "^3.1.0",
                "url": "^0.11.0"
            }
        },
        "@types/earcut": {
            "version": "2.1.1",
            "resolved": "https://registry.npmjs.org/@types/earcut/-/earcut-2.1.1.tgz",
            "integrity": "sha512-w8oigUCDjElRHRRrMvn/spybSMyX8MTkKA5Dv+tS1IE/TgmNZPqUYtvYBXGY8cieSE66gm+szeK+bnbxC2xHTQ==",
            "dev": true
        },
        "@types/keyboardjs": {
            "version": "2.5.0",
            "resolved": "https://registry.npmjs.org/@types/keyboardjs/-/keyboardjs-2.5.0.tgz",
            "integrity": "sha512-tGU6Lz04lDNH+N3AZYIWVeBza2ZSaLlZuSkzi38zSFSuh6DgVqBdqgkX+OS+jg1vwlw5XzS5MASY44fr9C12Yg=="
        },
        "@types/offscreencanvas": {
            "version": "2019.7.0",
            "resolved": "https://registry.npmjs.org/@types/offscreencanvas/-/offscreencanvas-2019.7.0.tgz",
            "integrity": "sha512-PGcyveRIpL1XIqK8eBsmRBt76eFgtzuPiSTyKHZxnGemp2yzGzWpjYKAfK3wIMiU7eH+851yEpiuP8JZerTmWg==",
            "dev": true
        },
        "earcut": {
            "version": "2.2.3",
            "resolved": "https://registry.npmjs.org/earcut/-/earcut-2.2.3.tgz",
            "integrity": "sha512-iRDI1QeCQIhMCZk48DRDMVgQSSBDmbzzNhnxIo+pwx3swkfjMh6vh0nWLq1NdvGHLKH6wIrAM3vQWeTj6qeoug==",
            "dev": true
        },
        "eventemitter3": {
            "version": "3.1.2",
            "resolved": "https://registry.npmjs.org/eventemitter3/-/eventemitter3-3.1.2.tgz",
            "integrity": "sha512-tvtQIeLVHjDkJYnzf2dgVMxfuSGJeM/7UCG17TT4EumTfNtF+0nebF/4zWOIkCreAbtNqhGEboB6BWrwqNaw4Q==",
            "dev": true
        },
        "ismobilejs": {
            "version": "1.1.1",
            "resolved": "https://registry.npmjs.org/ismobilejs/-/ismobilejs-1.1.1.tgz",
            "integrity": "sha512-VaFW53yt8QO61k2WJui0dHf4SlL8lxBofUuUmwBo0ljPk0Drz2TiuDW4jo3wDcv41qy/SxrJ+VAzJ/qYqsmzRw==",
            "dev": true
        },
        "keyboardjs": {
            "version": "2.6.4",
            "resolved": "https://registry.npmjs.org/keyboardjs/-/keyboardjs-2.6.4.tgz",
            "integrity": "sha512-xDiNwiwH3KUqap++RFJiLAXzbvRB5Yw08xliuceOgLhM1o7g1puKKR9vWy6wp9H/Bi4VP0+SQMpiWXMWWmR6rA=="
        },
        "punycode": {
            "version": "1.3.2",
            "resolved": "https://registry.npmjs.org/punycode/-/punycode-1.3.2.tgz",
            "integrity": "sha1-llOgNvt8HuQjQvIyXM7v6jkmxI0=",
            "dev": true
        },
        "querystring": {
            "version": "0.2.0",
            "resolved": "https://registry.npmjs.org/querystring/-/querystring-0.2.0.tgz",
            "integrity": "sha1-sgmEkgO7Jd+CDadW50cAWHhSFiA=",
            "dev": true
        },
        "typescript": {
            "version": "4.7.2",
            "resolved": "https://registry.npmjs.org/typescript/-/typescript-4.7.2.tgz",
            "integrity": "sha512-Mamb1iX2FDUpcTRzltPxgWMKy3fhg0TN378ylbktPGPK/99KbDtMQ4W1hwgsbPAsG3a0xKa1vmw4VKZQbkvz5A==",
            "dev": true
        },
        "url": {
            "version": "0.11.0",
            "resolved": "https://registry.npmjs.org/url/-/url-0.11.0.tgz",
            "integrity": "sha1-ODjpfPxgUh63PFJajlW/3Z4uKPE=",
            "dev": true,
            "requires": {
                "punycode": "1.3.2",
                "querystring": "0.2.0"
            }
        }
    }
}
