{
    "name": "@fablevision/interaction",
    "version": "1.1.25",
    "lockfileVersion": 1,
    "requires": true,
    "dependencies": {
        "@fablevision/utils": {
            "version": "1.1.0",
            "resolved": "https://registry.npmjs.org/@fablevision/utils/-/utils-1.1.0.tgz",
            "integrity": "sha512-a+Mz0M7Ktf3EP/Lk338N98q0nu/b53JjeX1+OLzp7sYCrixd6Rh9zvYJItdKMZNtbwSSYiUOduL+edAHp33hCw=="
        },
        "@pixi/constants": {
            "version": "6.5.3",
            "resolved": "https://registry.npmjs.org/@pixi/constants/-/constants-6.5.3.tgz",
            "integrity": "sha512-h/0Sf6ak0f0bLKo87CQDAUi9+VbAerJi8uKsq4d1DyXYGCNizjIiBVBUfWAPmzJ7JQ79hMn3fYXWCzlp4flKfw==",
            "dev": true
        },
        "@pixi/core": {
            "version": "6.5.3",
            "resolved": "https://registry.npmjs.org/@pixi/core/-/core-6.5.3.tgz",
            "integrity": "sha512-537nYn5RmXrjSiaDUa5O6Rg72JifoAuKDw2YtAlg9LvoY8jKo2ZP3NvIqrMo2GIjD/I2mznGcU+s9VPzP8lBCQ==",
            "dev": true,
            "requires": {
                "@types/offscreencanvas": "^2019.6.4"
            }
        },
        "@pixi/display": {
            "version": "6.5.3",
            "resolved": "https://registry.npmjs.org/@pixi/display/-/display-6.5.3.tgz",
            "integrity": "sha512-Oq51rmnaqbv08z+CuSi75GPKyrzrDi96A1J7mNMJMq4CV6zrwSzCrjo6fcK1Fa47fHRbnkvOqhMQ5aR6NV09MA==",
            "dev": true
        },
        "@pixi/extensions": {
            "version": "6.5.3",
            "resolved": "https://registry.npmjs.org/@pixi/extensions/-/extensions-6.5.3.tgz",
            "integrity": "sha512-5I9wKGMGIy/Nnm+SX4k70i4LkSo/jFNPyMixNYzJyX+gEoLiQawyJ0qD9WJHDCPtwMaBV8d2OzXxZT5wdbIx2w==",
            "dev": true
        },
        "@pixi/math": {
            "version": "6.5.3",
            "resolved": "https://registry.npmjs.org/@pixi/math/-/math-6.5.3.tgz",
            "integrity": "sha512-0BK/9PB/9vqAln8VBAYJHVOZdugU3JW139rwUWqgzpgcPTRVbKlaQR85Jg3RkvB0rYukxurdX4/mLQTfOmdRVg==",
            "dev": true
        },
        "@pixi/runner": {
            "version": "6.5.3",
            "resolved": "https://registry.npmjs.org/@pixi/runner/-/runner-6.5.3.tgz",
            "integrity": "sha512-yUFKlu6m4525lRY9VqVOftQOeJAzCfpHH4k3O1LszmJyQy71QoKQhcnsMLvld7+sf0smw7s4uFpF5xeF0UPTwA=="
        },
        "@pixi/settings": {
            "version": "6.5.3",
            "resolved": "https://registry.npmjs.org/@pixi/settings/-/settings-6.5.3.tgz",
            "integrity": "sha512-3T2WCjO37kLuAFDLkfumtWjQMETChANRB2u5cYpCqwss8cO/QiGLW25/tNx12GuI6p6QiGx/SjsT4OoNHiPSgg==",
            "dev": true
        },
        "@pixi/utils": {
            "version": "6.5.3",
            "resolved": "https://registry.npmjs.org/@pixi/utils/-/utils-6.5.3.tgz",
            "integrity": "sha512-zucVQSByYoJeKAfVaYMDvF9ku8y79aUhnHDWEUt1lNNi5hbnMzIGxKkB2R/IPct5ASulQmJBvW9t/MS/UKVc2Q==",
            "dev": true,
            "requires": {
                "@types/earcut": "^2.1.0",
                "earcut": "^2.2.4",
                "eventemitter3": "^3.1.0",
                "url": "^0.11.0"
            }
        },
        "@types/earcut": {
            "version": "2.1.1",
            "resolved": "https://registry.npmjs.org/@types/earcut/-/earcut-2.1.1.tgz",
            "integrity": "sha512-w8oigUCDjElRHRRrMvn/spybSMyX8MTkKA5Dv+tS1IE/TgmNZPqUYtvYBXGY8cieSE66gm+szeK+bnbxC2xHTQ==",
            "dev": true
        },
        "@types/keyboardjs": {
            "version": "2.5.0",
            "resolved": "https://registry.npmjs.org/@types/keyboardjs/-/keyboardjs-2.5.0.tgz",
            "integrity": "sha512-tGU6Lz04lDNH+N3AZYIWVeBza2ZSaLlZuSkzi38zSFSuh6DgVqBdqgkX+OS+jg1vwlw5XzS5MASY44fr9C12Yg=="
        },
        "@types/offscreencanvas": {
            "version": "2019.7.0",
            "resolved": "https://registry.npmjs.org/@types/offscreencanvas/-/offscreencanvas-2019.7.0.tgz",
            "integrity": "sha512-PGcyveRIpL1XIqK8eBsmRBt76eFgtzuPiSTyKHZxnGemp2yzGzWpjYKAfK3wIMiU7eH+851yEpiuP8JZerTmWg==",
            "dev": true
        },
        "earcut": {
            "version": "2.2.4",
            "resolved": "https://registry.npmjs.org/earcut/-/earcut-2.2.4.tgz",
            "integrity": "sha512-/pjZsA1b4RPHbeWZQn66SWS8nZZWLQQ23oE3Eam7aroEFGEvwKAsJfZ9ytiEMycfzXWpca4FA9QIOehf7PocBQ==",
            "dev": true
        },
        "eventemitter3": {
            "version": "3.1.2",
            "resolved": "https://registry.npmjs.org/eventemitter3/-/eventemitter3-3.1.2.tgz",
            "integrity": "sha512-tvtQIeLVHjDkJYnzf2dgVMxfuSGJeM/7UCG17TT4EumTfNtF+0nebF/4zWOIkCreAbtNqhGEboB6BWrwqNaw4Q==",
            "dev": true
        },
        "keyboardjs": {
            "version": "2.7.0",
            "resolved": "https://registry.npmjs.org/keyboardjs/-/keyboardjs-2.7.0.tgz",
            "integrity": "sha512-3tiQuAoLM1M5Xyo/eQVaqsq9joByTRkB0Byga+0S7BYJvY4HIlfW0SofOj4a20YSAFjv0SIFU/lw+Qjp6KYHPA=="
        },
        "punycode": {
            "version": "1.3.2",
            "resolved": "https://registry.npmjs.org/punycode/-/punycode-1.3.2.tgz",
            "integrity": "sha512-RofWgt/7fL5wP1Y7fxE7/EmTLzQVnB0ycyibJ0OOHIlJqTNzglYFxVwETOcIoJqJmpDXJ9xImDv+Fq34F/d4Dw==",
            "dev": true
        },
        "querystring": {
            "version": "0.2.0",
            "resolved": "https://registry.npmjs.org/querystring/-/querystring-0.2.0.tgz",
            "integrity": "sha512-X/xY82scca2tau62i9mDyU9K+I+djTMUsvwf7xnUX5GLvVzgJybOJf4Y6o9Zx3oJK/LSXg5tTZBjwzqVPaPO2g==",
            "dev": true
        },
        "typescript": {
            "version": "4.8.3",
            "resolved": "https://registry.npmjs.org/typescript/-/typescript-4.8.3.tgz",
            "integrity": "sha512-goMHfm00nWPa8UvR/CPSvykqf6dVV8x/dp0c5mFTMTIu0u0FlGWRioyy7Nn0PGAdHxpJZnuO/ut+PpQ8UiHAig==",
            "dev": true
        },
        "url": {
            "version": "0.11.0",
            "resolved": "https://registry.npmjs.org/url/-/url-0.11.0.tgz",
            "integrity": "sha512-kbailJa29QrtXnxgq+DdCEGlbTeYM2eJUxsz6vjZavrCYPMIFHMKQmSKYAIuUK2i7hgPm28a8piX5NTUtM/LKQ==",
            "dev": true,
            "requires": {
                "punycode": "1.3.2",
                "querystring": "0.2.0"
            }
        }
    }
}
